# THIS IS AN AUTOGENERATED FILE. DO NOT EDIT THIS FILE DIRECTLY.
# yarn lockfile v1


"@types/node@^11.13.5":
  version "11.13.5"
  resolved "http://registry.npm.taobao.org/@types/node/download/@types/node-11.13.5.tgz#266564afa8a6a09dc778dfacc703ed3f09c80516"
  integrity sha1-JmVkr6imoJ3HeN+sxwPtPwnIBRY=
